// !$*UTF8*$!
{
	archiveVersion = 1;
	classes = {
	};
	objectVersion = 46;
	objects = {

/* Begin PBXBuildFile section */
		8435EBCC1D3669AE0077AF4E /* AppDelegate.swift in Sources */ = {isa = PBXBuildFile; fileRef = 8435EBCB1D3669AE0077AF4E /* AppDelegate.swift */; };
		8435EBCE1D3669AE0077AF4E /* ViewController.swift in Sources */ = {isa = PBXBuildFile; fileRef = 8435EBCD1D3669AE0077AF4E /* ViewController.swift */; };
		8435EBD11D3669AE0077AF4E /* Main.storyboard in Resources */ = {isa = PBXBuildFile; fileRef = 8435EBCF1D3669AE0077AF4E /* Main.storyboard */; };
		8435EBD31D3669AE0077AF4E /* Assets.xcassets in Resources */ = {isa = PBXBuildFile; fileRef = 8435EBD21D3669AE0077AF4E /* Assets.xcassets */; };
		8435EBD61D3669AE0077AF4E /* LaunchScreen.storyboard in Resources */ = {isa = PBXBuildFile; fileRef = 8435EBD41D3669AE0077AF4E /* LaunchScreen.storyboard */; };
/* End PBXBuildFile section */

/* Begin PBXFileReference section */
		8435EBC81D3669AE0077AF4E /* ISTimelineDemo.app */ = {isa = PBXFileReference; explicitFileType = wrapper.application; includeInIndex = 0; path = ISTimelineDemo.app; sourceTree = BUILT_PRODUCTS_DIR; };
		8435EBCB1D3669AE0077AF4E /* AppDelegate.swift */ = {isa = PBXFileReference; lastKnownFileType = sourcecode.swift; path = AppDelegate.swift; sourceTree = "<group>"; };
		8435EBCD1D3669AE0077AF4E /* ViewController.swift */ = {isa = PBXFileReference; lastKnownFileType = sourcecode.swift; path = ViewController.swift; sourceTree = "<group>"; };
		8435EBD01D3669AE0077AF4E /* Base */ = {isa = PBXFileReference; lastKnownFileType = file.storyboard; name = Base; path = Base.lproj/Main.storyboard; sourceTree = "<group>"; };
		8435EBD21D3669AE0077AF4E /* Assets.xcassets */ = {isa = PBXFileReference; lastKnownFileType = folder.assetcatalog; path = Assets.xcassets; sourceTree = "<group>"; };
		8435EBD51D3669AE0077AF4E /* Base */ = {isa = PBXFileReference; lastKnownFileType = file.storyboard; name = Base; path = Base.lproj/LaunchScreen.storyboard; sourceTree = "<group>"; };
		8435EBD71D3669AE0077AF4E /* Info.plist */ = {isa = PBXFileReference; lastKnownFileType = text.plist.xml; path = Info.plist; sourceTree = "<group>"; };
/* End PBXFileReference section */

/* Begin PBXFrameworksBuildPhase section */
		8435EBC51D3669AE0077AF4E /* Frameworks */ = {
			isa = PBXFrameworksBuildPhase;
			buildActionMask = 2147483647;
			files = (
			);
			runOnlyForDeploymentPostprocessing = 0;
		};
/* End PBXFrameworksBuildPhase section */

/* Begin PBXGroup section */
		8435EBBF1D3669AE0077AF4E = {
			isa = PBXGroup;
			children = (
				8435EBCA1D3669AE0077AF4E /* ISTimelineDemo */,
				8435EBC91D3669AE0077AF4E /* Products */,
			);
			sourceTree = "<group>";
		};
		8435EBC91D3669AE0077AF4E /* Products */ = {
			isa = PBXGroup;
			children = (
				8435EBC81D3669AE0077AF4E /* ISTimelineDemo.app */,
			);
			name = Products;
			sourceTree = "<group>";
		};
		8435EBCA1D3669AE0077AF4E /* ISTimelineDemo */ = {
			isa = PBXGroup;
			children = (
				8435EBCB1D3669AE0077AF4E /* AppDelegate.swift */,
				8435EBCD1D3669AE0077AF4E /* ViewController.swift */,
				8435EBCF1D3669AE0077AF4E /* Main.storyboard */,
				8435EBD21D3669AE0077AF4E /* Assets.xcassets */,
				8435EBD41D3669AE0077AF4E /* LaunchScreen.storyboard */,
				8435EBD71D3669AE0077AF4E /* Info.plist */,
			);
			path = ISTimelineDemo;
			sourceTree = "<group>";
		};
/* End PBXGroup section */

/* Begin PBXNativeTarget section */
		8435EBC71D3669AE0077AF4E /* ISTimelineDemo */ = {
			isa = PBXNativeTarget;
			buildConfigurationList = 8435EBDA1D3669AE0077AF4E /* Build configuration list for PBXNativeTarget "ISTimelineDemo" */;
			buildPhases = (
				8435EBC41D3669AE0077AF4E /* Sources */,
				8435EBC51D3669AE0077AF4E /* Frameworks */,
				8435EBC61D3669AE0077AF4E /* Resources */,
			);
			buildRules = (
			);
			dependencies = (
			);
			name = ISTimelineDemo;
			productName = ISTimelineDemo;
			productReference = 8435EBC81D3669AE0077AF4E /* ISTimelineDemo.app */;
			productType = "com.apple.product-type.application";
		};
/* End PBXNativeTarget section */

/* Begin PBXProject section */
		8435EBC01D3669AE0077AF4E /* Project object */ = {
			isa = PBXProject;
			attributes = {
				LastSwiftUpdateCheck = 0730;
				LastUpgradeCheck = 0730;
				ORGANIZATIONNAME = "instant:solutions";
				TargetAttributes = {
					8435EBC71D3669AE0077AF4E = {
						CreatedOnToolsVersion = 7.3.1;
					};
				};
			};
			buildConfigurationList = 8435EBC31D3669AE0077AF4E /* Build configuration list for PBXProject "ISTimelineDemo" */;
			compatibilityVersion = "Xcode 3.2";
			developmentRegion = English;
			hasScannedForEncodings = 0;
			knownRegions = (
				en,
				Base,
			);
			mainGroup = 8435EBBF1D3669AE0077AF4E;
			productRefGroup = 8435EBC91D3669AE0077AF4E /* Products */;
			projectDirPath = "";
			projectRoot = "";
			targets = (
				8435EBC71D3669AE0077AF4E /* ISTimelineDemo */,
			);
		};
/* End PBXProject section */

/* Begin PBXResourcesBuildPhase section */
		8435EBC61D3669AE0077AF4E /* Resources */ = {
			isa = PBXResourcesBuildPhase;
			buildActionMask = 2147483647;
			files = (
				8435EBD61D3669AE0077AF4E /* LaunchScreen.storyboard in Resources */,
				8435EBD31D3669AE0077AF4E /* Assets.xcassets in Resources */,
				8435EBD11D3669AE0077AF4E /* Main.storyboard in Resources */,
			);
			runOnlyForDeploymentPostprocessing = 0;
		};
/* End PBXResourcesBuildPhase section */

/* Begin PBXSourcesBuildPhase section */
		8435EBC41D3669AE0077AF4E /* Sources */ = {
			isa = PBXSourcesBuildPhase;
			buildActionMask = 2147483647;
			files = (
				8435EBCE1D3669AE0077AF4E /* ViewController.swift in Sources */,
				8435EBCC1D3669AE0077AF4E /* AppDelegate.swift in Sources */,
			);
			runOnlyForDeploymentPostprocessing = 0;
		};
/* End PBXSourcesBuildPhase section */

/* Begin PBXVariantGroup section */
		8435EBCF1D3669AE0077AF4E /* Main.storyboard */ = {
			isa = PBXVariantGroup;
			children = (
				8435EBD01D3669AE0077AF4E /* Base */,
			);
			name = Main.storyboard;
			sourceTree = "<group>";
		};
		8435EBD41D3669AE0077AF4E /* LaunchScreen.storyboard */ = {
			isa = PBXVariantGroup;
			children = (
				8435EBD51D3669AE0077AF4E /* Base */,
			);
			name = LaunchScreen.storyboard;
			sourceTree = "<group>";
		};
/* End PBXVariantGroup section */

/* Begin XCBuildConfiguration section */
		8435EBD81D3669AE0077AF4E /* Debug */ = {
			isa = XCBuildConfiguration;
			buildSettings = {
				ALWAYS_SEARCH_USER_PATHS = NO;
				CLANG_ANALYZER_NONNULL = YES;
				CLANG_CXX_LANGUAGE_STANDARD = "gnu++0x";
				CLANG_CXX_LIBRARY = "libc++";
				CLANG_ENABLE_MODULES = YES;
				CLANG_ENABLE_OBJC_ARC = YES;
				CLANG_WARN_BOOL_CONVERSION = YES;
				CLANG_WARN_CONSTANT_CONVERSION = YES;
				CLANG_WARN_DIRECT_OBJC_ISA_USAGE = YES_ERROR;
				CLANG_WARN_EMPTY_BODY = YES;
				CLANG_WARN_ENUM_CONVERSION = YES;
				CLANG_WARN_INT_CONVERSION = YES;
				CLANG_WARN_OBJC_ROOT_CLASS = YES_ERROR;
				CLANG_WARN_UNREACHABLE_CODE = YES;
				CLANG_WARN__DUPLICATE_METHOD_MATCH = YES;
				"CODE_SIGN_IDENTITY[sdk=iphoneos*]" = "iPhone Developer";
				COPY_PHASE_STRIP = NO;
				DEBUG_INFORMATION_FORMAT = dwarf;
				ENABLE_STRICT_OBJC_MSGSEND = YES;
				ENABLE_TESTABILITY = YES;
				GCC_C_LANGUAGE_STANDARD = gnu99;
				GCC_DYNAMIC_NO_PIC = NO;
				GCC_NO_COMMON_BLOCKS = YES;
				GCC_OPTIMIZATION_LEVEL = 0;
				GCC_PREPROCESSOR_DEFINITIONS = (
					"DEBUG=1",
					"$(inherited)",
				);
				GCC_WARN_64_TO_32_BIT_CONVERSION = YES;
				GCC_WARN_ABOUT_RETURN_TYPE = YES_ERROR;
				GCC_WARN_UNDECLARED_SELECTOR = YES;
				GCC_WARN_UNINITIALIZED_AUTOS = YES_AGGRESSIVE;
				GCC_WARN_UNUSED_FUNCTION = YES;
				GCC_WARN_UNUSED_VARIABLE = YES;
				IPHONEOS_DEPLOYMENT_TARGET = 9.3;
				MTL_ENABLE_DEBUG_INFO = YES;
				ONLY_ACTIVE_ARCH = YES;
				SDKROOT = iphoneos;
				SWIFT_OPTIMIZATION_LEVEL = "-Onone";
			};
			name = Debug;
		};
		8435EBD91D3669AE0077AF4E /* Release */ = {
			isa = XCBuildConfiguration;
			buildSettings = {
				ALWAYS_SEARCH_USER_PATHS = NO;
				CLANG_ANALYZER_NONNULL = YES;
				CLANG_CXX_LANGUAGE_STANDARD = "gnu++0x";
				CLANG_CXX_LIBRARY = "libc++";
				CLANG_ENABLE_MODULES = YES;
				CLANG_ENABLE_OBJC_ARC = YES;
				CLANG_WARN_BOOL_CONVERSION = YES;
				CLANG_WARN_CONSTANT_CONVERSION = YES;
				CLANG_WARN_DIRECT_OBJC_ISA_USAGE = YES_ERROR;
				CLANG_WARN_EMPTY_BODY = YES;
				CLANG_WARN_ENUM_CONVERSION = YES;
				CLANG_WARN_INT_CONVERSION = YES;
				CLANG_WARN_OBJC_ROOT_CLASS = YES_ERROR;
				CLANG_WARN_UNREACHABLE_CODE = YES;
				CLANG_WARN__DUPLICATE_METHOD_MATCH = YES;
				"CODE_SIGN_IDENTITY[sdk=iphoneos*]" = "iPhone Developer";
				COPY_PHASE_STRIP = NO;
				DEBUG_INFORMATION_FORMAT = "dwarf-with-dsym";
				ENABLE_NS_ASSERTIONS = NO;
				ENABLE_STRICT_OBJC_MSGSEND = YES;
				GCC_C_LANGUAGE_STANDARD = gnu99;
				GCC_NO_COMMON_BLOCKS = YES;
				GCC_WARN_64_TO_32_BIT_CONVERSION = YES;
				GCC_WARN_ABOUT_RETURN_TYPE = YES_ERROR;
				GCC_WARN_UNDECLARED_SELECTOR = YES;
				GCC_WARN_UNINITIALIZED_AUTOS = YES_AGGRESSIVE;
				GCC_WARN_UNUSED_FUNCTION = YES;
				GCC_WARN_UNUSED_VARIABLE = YES;
				IPHONEOS_DEPLOYMENT_TARGET = 9.3;
				MTL_ENABLE_DEBUG_INFO = NO;
				SDKROOT = iphoneos;
				VALIDATE_PRODUCT = YES;
			};
			name = Release;
		};
		8435EBDB1D3669AE0077AF4E /* Debug */ = {
			isa = XCBuildConfiguration;
			buildSettings = {
				ASSETCATALOG_COMPILER_APPICON_NAME = AppIcon;
				INFOPLIST_FILE = ISTimelineDemo/Info.plist;
				LD_RUNPATH_SEARCH_PATHS = "$(inherited) @executable_path/Frameworks";
				PRODUCT_BUNDLE_IDENTIFIER = at.tripwire.ISTimelineDemo;
				PRODUCT_NAME = "$(TARGET_NAME)";
			};
			name = Debug;
		};
		8435EBDC1D3669AE0077AF4E /* Release */ = {
			isa = XCBuildConfiguration;
			buildSettings = {
				ASSETCATALOG_COMPILER_APPICON_NAME = AppIcon;
				INFOPLIST_FILE = ISTimelineDemo/Info.plist;
				LD_RUNPATH_SEARCH_PATHS = "$(inherited) @executable_path/Frameworks";
				PRODUCT_BUNDLE_IDENTIFIER = at.tripwire.ISTimelineDemo;
				PRODUCT_NAME = "$(TARGET_NAME)";
			};
			name = Release;
		};
/* End XCBuildConfiguration section */

/* Begin XCConfigurationList section */
		8435EBC31D3669AE0077AF4E /* Build configuration list for PBXProject "ISTimelineDemo" */ = {
			isa = XCConfigurationList;
			buildConfigurations = (
				8435EBD81D3669AE0077AF4E /* Debug */,
				8435EBD91D3669AE0077AF4E /* Release */,
			);
			defaultConfigurationIsVisible = 0;
			defaultConfigurationName = Release;
		};
		8435EBDA1D3669AE0077AF4E /* Build configuration list for PBXNativeTarget "ISTimelineDemo" */ = {
			isa = XCConfigurationList;
			buildConfigurations = (
				8435EBDB1D3669AE0077AF4E /* Debug */,
				8435EBDC1D3669AE0077AF4E /* Release */,
			);
			defaultConfigurationIsVisible = 0;
		};
/* End XCConfigurationList section */
	};
	rootObject = 8435EBC01D3669AE0077AF4E /* Project object */;
}
